# THIS IS AN AUTOGENERATED FILE. DO NOT EDIT THIS FILE DIRECTLY.
# yarn lockfile v1


"@types/aws-lambda@^8.10.89":
  version "8.10.89"
  resolved "https://registry.yarnpkg.com/@types/aws-lambda/-/aws-lambda-8.10.89.tgz#22617ecc1eef9571abebb50c947553362da6051b"
  integrity sha512-jwtSuEZj4rY4R2pAEOXi+RutS8RWbwMzoGlRVukdyOpnfqA/XPkAf8QoGWmg4o/UaNpQ8Mj0Xhkp5SZ1t/Zq4Q==
